// !$*UTF8*$!
{
	archiveVersion = 1;
	classes = {
	};
	objectVersion = 50;
	objects = {

/* Begin PBXBuildFile section */
		0C0DE3162281B4F300FD4F12 /* AppDelegate.swift in Sources */ = {isa = PBXBuildFile; fileRef = 0C0DE3152281B4F300FD4F12 /* AppDelegate.swift */; };
		0C0DE31D2281B4F600FD4F12 /* Assets.xcassets in Resources */ = {isa = PBXBuildFile; fileRef = 0C0DE31C2281B4F600FD4F12 /* Assets.xcassets */; };
		0C0DE32B2281B4F600FD4F12 /* CAFETests.swift in Sources */ = {isa = PBXBuildFile; fileRef = 0C0DE32A2281B4F600FD4F12 /* CAFETests.swift */; };
		0C0DE3362281B4F600FD4F12 /* CAFEUITests.swift in Sources */ = {isa = PBXBuildFile; fileRef = 0C0DE3352281B4F600FD4F12 /* CAFEUITests.swift */; };
		0C0DE34422851BCF00FD4F12 /* Home.swift in Sources */ = {isa = PBXBuildFile; fileRef = 0C0DE34322851BCF00FD4F12 /* Home.swift */; };
		0C0DE34622851F7900FD4F12 /* Index.swift in Sources */ = {isa = PBXBuildFile; fileRef = 0C0DE34522851F7900FD4F12 /* Index.swift */; };
		0C0DE34822851F8E00FD4F12 /* Play.swift in Sources */ = {isa = PBXBuildFile; fileRef = 0C0DE34722851F8E00FD4F12 /* Play.swift */; };
		0C0DE34B22852BB200FD4F12 /* Main.storyboard in Resources */ = {isa = PBXBuildFile; fileRef = 0C0DE34A22852BB200FD4F12 /* Main.storyboard */; };
		0C505EC5229685B2009B1036 /* Load.swift in Sources */ = {isa = PBXBuildFile; fileRef = 0C505EC4229685B2009B1036 /* Load.swift */; };
		0C505EC722979E54009B1036 /* Networkhandler.swift in Sources */ = {isa = PBXBuildFile; fileRef = 0C505EC622979E54009B1036 /* Networkhandler.swift */; };
		0C505EC9229802E2009B1036 /* Singleton.swift in Sources */ = {isa = PBXBuildFile; fileRef = 0C505EC8229802E2009B1036 /* Singleton.swift */; };
		0C505ECF22A23E26009B1036 /* Dream.swift in Sources */ = {isa = PBXBuildFile; fileRef = 0C505ECE22A23E26009B1036 /* Dream.swift */; };
/* End PBXBuildFile section */

/* Begin PBXContainerItemProxy section */
		0C0DE3272281B4F600FD4F12 /* PBXContainerItemProxy */ = {
			isa = PBXContainerItemProxy;
			containerPortal = 0C0DE30A2281B4F300FD4F12 /* Project object */;
			proxyType = 1;
			remoteGlobalIDString = 0C0DE3112281B4F300FD4F12;
			remoteInfo = CAFE;
		};
		0C0DE3322281B4F600FD4F12 /* PBXContainerItemProxy */ = {
			isa = PBXContainerItemProxy;
			containerPortal = 0C0DE30A2281B4F300FD4F12 /* Project object */;
			proxyType = 1;
			remoteGlobalIDString = 0C0DE3112281B4F300FD4F12;
			remoteInfo = CAFE;
		};
/* End PBXContainerItemProxy section */

/* Begin PBXFileReference section */
		0C0DE3122281B4F300FD4F12 /* CAFE.app */ = {isa = PBXFileReference; explicitFileType = wrapper.application; includeInIndex = 0; path = CAFE.app; sourceTree = BUILT_PRODUCTS_DIR; };
		0C0DE3152281B4F300FD4F12 /* AppDelegate.swift */ = {isa = PBXFileReference; lastKnownFileType = sourcecode.swift; path = AppDelegate.swift; sourceTree = "<group>"; };
		0C0DE31C2281B4F600FD4F12 /* Assets.xcassets */ = {isa = PBXFileReference; lastKnownFileType = folder.assetcatalog; path = Assets.xcassets; sourceTree = "<group>"; };
		0C0DE3212281B4F600FD4F12 /* Info.plist */ = {isa = PBXFileReference; lastKnownFileType = text.plist.xml; path = Info.plist; sourceTree = "<group>"; };
		0C0DE3262281B4F600FD4F12 /* CAFETests.xctest */ = {isa = PBXFileReference; explicitFileType = wrapper.cfbundle; includeInIndex = 0; path = CAFETests.xctest; sourceTree = BUILT_PRODUCTS_DIR; };
		0C0DE32A2281B4F600FD4F12 /* CAFETests.swift */ = {isa = PBXFileReference; lastKnownFileType = sourcecode.swift; path = CAFETests.swift; sourceTree = "<group>"; };
		0C0DE32C2281B4F600FD4F12 /* Info.plist */ = {isa = PBXFileReference; lastKnownFileType = text.plist.xml; path = Info.plist; sourceTree = "<group>"; };
		0C0DE3312281B4F600FD4F12 /* CAFEUITests.xctest */ = {isa = PBXFileReference; explicitFileType = wrapper.cfbundle; includeInIndex = 0; path = CAFEUITests.xctest; sourceTree = BUILT_PRODUCTS_DIR; };
		0C0DE3352281B4F600FD4F12 /* CAFEUITests.swift */ = {isa = PBXFileReference; lastKnownFileType = sourcecode.swift; path = CAFEUITests.swift; sourceTree = "<group>"; };
		0C0DE3372281B4F600FD4F12 /* Info.plist */ = {isa = PBXFileReference; lastKnownFileType = text.plist.xml; path = Info.plist; sourceTree = "<group>"; };
		0C0DE34322851BCF00FD4F12 /* Home.swift */ = {isa = PBXFileReference; lastKnownFileType = sourcecode.swift; path = Home.swift; sourceTree = "<group>"; };
		0C0DE34522851F7900FD4F12 /* Index.swift */ = {isa = PBXFileReference; lastKnownFileType = sourcecode.swift; path = Index.swift; sourceTree = "<group>"; };
		0C0DE34722851F8E00FD4F12 /* Play.swift */ = {isa = PBXFileReference; lastKnownFileType = sourcecode.swift; path = Play.swift; sourceTree = "<group>"; };
		0C0DE34A22852BB200FD4F12 /* Main.storyboard */ = {isa = PBXFileReference; lastKnownFileType = file.storyboard; name = Main.storyboard; path = CAFE/Main.storyboard; sourceTree = SOURCE_ROOT; };
		0C505EC4229685B2009B1036 /* Load.swift */ = {isa = PBXFileReference; lastKnownFileType = sourcecode.swift; path = Load.swift; sourceTree = "<group>"; };
		0C505EC622979E54009B1036 /* Networkhandler.swift */ = {isa = PBXFileReference; lastKnownFileType = sourcecode.swift; path = Networkhandler.swift; sourceTree = "<group>"; };
		0C505EC8229802E2009B1036 /* Singleton.swift */ = {isa = PBXFileReference; lastKnownFileType = sourcecode.swift; path = Singleton.swift; sourceTree = "<group>"; };
		0C505ECE22A23E26009B1036 /* Dream.swift */ = {isa = PBXFileReference; fileEncoding = 4; lastKnownFileType = sourcecode.swift; path = Dream.swift; sourceTree = "<group>"; };
/* End PBXFileReference section */

/* Begin PBXFrameworksBuildPhase section */
		0C0DE30F2281B4F300FD4F12 /* Frameworks */ = {
			isa = PBXFrameworksBuildPhase;
			buildActionMask = 2147483647;
			files = (
			);
			runOnlyForDeploymentPostprocessing = 0;
		};
		0C0DE3232281B4F600FD4F12 /* Frameworks */ = {
			isa = PBXFrameworksBuildPhase;
			buildActionMask = 2147483647;
			files = (
			);
			runOnlyForDeploymentPostprocessing = 0;
		};
		0C0DE32E2281B4F600FD4F12 /* Frameworks */ = {
			isa = PBXFrameworksBuildPhase;
			buildActionMask = 2147483647;
			files = (
			);
			runOnlyForDeploymentPostprocessing = 0;
		};
/* End PBXFrameworksBuildPhase section */

/* Begin PBXGroup section */
		0C0DE3092281B4F300FD4F12 = {
			isa = PBXGroup;
			children = (
				0C0DE3142281B4F300FD4F12 /* CAFE */,
				0C0DE3292281B4F600FD4F12 /* CAFETests */,
				0C0DE3342281B4F600FD4F12 /* CAFEUITests */,
				0C0DE3132281B4F300FD4F12 /* Products */,
			);
			sourceTree = "<group>";
		};
		0C0DE3132281B4F300FD4F12 /* Products */ = {
			isa = PBXGroup;
			children = (
				0C0DE3122281B4F300FD4F12 /* CAFE.app */,
				0C0DE3262281B4F600FD4F12 /* CAFETests.xctest */,
				0C0DE3312281B4F600FD4F12 /* CAFEUITests.xctest */,
			);
			name = Products;
			sourceTree = "<group>";
		};
		0C0DE3142281B4F300FD4F12 /* CAFE */ = {
			isa = PBXGroup;
			children = (
				0C505ECE22A23E26009B1036 /* Dream.swift */,
				0C0DE3152281B4F300FD4F12 /* AppDelegate.swift */,
				0C0DE34522851F7900FD4F12 /* Index.swift */,
				0C0DE34722851F8E00FD4F12 /* Play.swift */,
				0C0DE34322851BCF00FD4F12 /* Home.swift */,
				0C0DE31C2281B4F600FD4F12 /* Assets.xcassets */,
				0C0DE3212281B4F600FD4F12 /* Info.plist */,
				0C0DE34A22852BB200FD4F12 /* Main.storyboard */,
				0C505EC4229685B2009B1036 /* Load.swift */,
				0C505EC8229802E2009B1036 /* Singleton.swift */,
				0C505EC622979E54009B1036 /* Networkhandler.swift */,
			);
			path = CAFE;
			sourceTree = "<group>";
		};
		0C0DE3292281B4F600FD4F12 /* CAFETests */ = {
			isa = PBXGroup;
			children = (
				0C0DE32A2281B4F600FD4F12 /* CAFETests.swift */,
				0C0DE32C2281B4F600FD4F12 /* Info.plist */,
			);
			path = CAFETests;
			sourceTree = "<group>";
		};
		0C0DE3342281B4F600FD4F12 /* CAFEUITests */ = {
			isa = PBXGroup;
			children = (
				0C0DE3352281B4F600FD4F12 /* CAFEUITests.swift */,
				0C0DE3372281B4F600FD4F12 /* Info.plist */,
			);
			path = CAFEUITests;
			sourceTree = "<group>";
		};
/* End PBXGroup section */

/* Begin PBXNativeTarget section */
		0C0DE3112281B4F300FD4F12 /* CAFE */ = {
			isa = PBXNativeTarget;
			buildConfigurationList = 0C0DE33A2281B4F600FD4F12 /* Build configuration list for PBXNativeTarget "CAFE" */;
			buildPhases = (
				0C0DE30E2281B4F300FD4F12 /* Sources */,
				0C0DE30F2281B4F300FD4F12 /* Frameworks */,
				0C0DE3102281B4F300FD4F12 /* Resources */,
			);
			buildRules = (
			);
			dependencies = (
			);
			name = CAFE;
			productName = CAFE;
			productReference = 0C0DE3122281B4F300FD4F12 /* CAFE.app */;
			productType = "com.apple.product-type.application";
		};
		0C0DE3252281B4F600FD4F12 /* CAFETests */ = {
			isa = PBXNativeTarget;
			buildConfigurationList = 0C0DE33D2281B4F600FD4F12 /* Build configuration list for PBXNativeTarget "CAFETests" */;
			buildPhases = (
				0C0DE3222281B4F600FD4F12 /* Sources */,
				0C0DE3232281B4F600FD4F12 /* Frameworks */,
				0C0DE3242281B4F600FD4F12 /* Resources */,
			);
			buildRules = (
			);
			dependencies = (
				0C0DE3282281B4F600FD4F12 /* PBXTargetDependency */,
			);
			name = CAFETests;
			productName = CAFETests;
			productReference = 0C0DE3262281B4F600FD4F12 /* CAFETests.xctest */;
			productType = "com.apple.product-type.bundle.unit-test";
		};
		0C0DE3302281B4F600FD4F12 /* CAFEUITests */ = {
			isa = PBXNativeTarget;
			buildConfigurationList = 0C0DE3402281B4F600FD4F12 /* Build configuration list for PBXNativeTarget "CAFEUITests" */;
			buildPhases = (
				0C0DE32D2281B4F600FD4F12 /* Sources */,
				0C0DE32E2281B4F600FD4F12 /* Frameworks */,
				0C0DE32F2281B4F600FD4F12 /* Resources */,
			);
			buildRules = (
			);
			dependencies = (
				0C0DE3332281B4F600FD4F12 /* PBXTargetDependency */,
			);
			name = CAFEUITests;
			productName = CAFEUITests;
			productReference = 0C0DE3312281B4F600FD4F12 /* CAFEUITests.xctest */;
			productType = "com.apple.product-type.bundle.ui-testing";
		};
/* End PBXNativeTarget section */

/* Begin PBXProject section */
		0C0DE30A2281B4F300FD4F12 /* Project object */ = {
			isa = PBXProject;
			attributes = {
				LastSwiftUpdateCheck = 1020;
				LastUpgradeCheck = 1020;
				ORGANIZATIONNAME = "Sung Mun";
				TargetAttributes = {
					0C0DE3112281B4F300FD4F12 = {
						CreatedOnToolsVersion = 10.2.1;
					};
					0C0DE3252281B4F600FD4F12 = {
						CreatedOnToolsVersion = 10.2.1;
						TestTargetID = 0C0DE3112281B4F300FD4F12;
					};
					0C0DE3302281B4F600FD4F12 = {
						CreatedOnToolsVersion = 10.2.1;
						TestTargetID = 0C0DE3112281B4F300FD4F12;
					};
				};
			};
			buildConfigurationList = 0C0DE30D2281B4F300FD4F12 /* Build configuration list for PBXProject "CAFE" */;
			compatibilityVersion = "Xcode 9.3";
			developmentRegion = en;
			hasScannedForEncodings = 0;
			knownRegions = (
				en,
				Base,
				global,
			);
			mainGroup = 0C0DE3092281B4F300FD4F12;
			productRefGroup = 0C0DE3132281B4F300FD4F12 /* Products */;
			projectDirPath = "";
			projectRoot = "";
			targets = (
				0C0DE3112281B4F300FD4F12 /* CAFE */,
				0C0DE3252281B4F600FD4F12 /* CAFETests */,
				0C0DE3302281B4F600FD4F12 /* CAFEUITests */,
			);
		};
/* End PBXProject section */

/* Begin PBXResourcesBuildPhase section */
		0C0DE3102281B4F300FD4F12 /* Resources */ = {
			isa = PBXResourcesBuildPhase;
			buildActionMask = 2147483647;
			files = (
				0C0DE31D2281B4F600FD4F12 /* Assets.xcassets in Resources */,
				0C0DE34B22852BB200FD4F12 /* Main.storyboard in Resources */,
			);
			runOnlyForDeploymentPostprocessing = 0;
		};
		0C0DE3242281B4F600FD4F12 /* Resources */ = {
			isa = PBXResourcesBuildPhase;
			buildActionMask = 2147483647;
			files = (
			);
			runOnlyForDeploymentPostprocessing = 0;
		};
		0C0DE32F2281B4F600FD4F12 /* Resources */ = {
			isa = PBXResourcesBuildPhase;
			buildActionMask = 2147483647;
			files = (
			);
			runOnlyForDeploymentPostprocessing = 0;
		};
/* End PBXResourcesBuildPhase section */

/* Begin PBXSourcesBuildPhase section */
		0C0DE30E2281B4F300FD4F12 /* Sources */ = {
			isa = PBXSourcesBuildPhase;
			buildActionMask = 2147483647;
			files = (
				0C505EC722979E54009B1036 /* Networkhandler.swift in Sources */,
				0C0DE34422851BCF00FD4F12 /* Home.swift in Sources */,
				0C505EC5229685B2009B1036 /* Load.swift in Sources */,
				0C0DE3162281B4F300FD4F12 /* AppDelegate.swift in Sources */,
				0C0DE34622851F7900FD4F12 /* Index.swift in Sources */,
				0C505EC9229802E2009B1036 /* Singleton.swift in Sources */,
				0C0DE34822851F8E00FD4F12 /* Play.swift in Sources */,
				0C505ECF22A23E26009B1036 /* Dream.swift in Sources */,
			);
			runOnlyForDeploymentPostprocessing = 0;
		};
		0C0DE3222281B4F600FD4F12 /* Sources */ = {
			isa = PBXSourcesBuildPhase;
			buildActionMask = 2147483647;
			files = (
				0C0DE32B2281B4F600FD4F12 /* CAFETests.swift in Sources */,
			);
			runOnlyForDeploymentPostprocessing = 0;
		};
		0C0DE32D2281B4F600FD4F12 /* Sources */ = {
			isa = PBXSourcesBuildPhase;
			buildActionMask = 2147483647;
			files = (
				0C0DE3362281B4F600FD4F12 /* CAFEUITests.swift in Sources */,
			);
			runOnlyForDeploymentPostprocessing = 0;
		};
/* End PBXSourcesBuildPhase section */

/* Begin PBXTargetDependency section */
		0C0DE3282281B4F600FD4F12 /* PBXTargetDependency */ = {
			isa = PBXTargetDependency;
			target = 0C0DE3112281B4F300FD4F12 /* CAFE */;
			targetProxy = 0C0DE3272281B4F600FD4F12 /* PBXContainerItemProxy */;
		};
		0C0DE3332281B4F600FD4F12 /* PBXTargetDependency */ = {
			isa = PBXTargetDependency;
			target = 0C0DE3112281B4F300FD4F12 /* CAFE */;
			targetProxy = 0C0DE3322281B4F600FD4F12 /* PBXContainerItemProxy */;
		};
/* End PBXTargetDependency section */

/* Begin XCBuildConfiguration section */
		0C0DE3382281B4F600FD4F12 /* Debug */ = {
			isa = XCBuildConfiguration;
			buildSettings = {
				ALWAYS_SEARCH_USER_PATHS = NO;
				CLANG_ANALYZER_NONNULL = YES;
				CLANG_ANALYZER_NUMBER_OBJECT_CONVERSION = YES_AGGRESSIVE;
				CLANG_CXX_LANGUAGE_STANDARD = "gnu++14";
				CLANG_CXX_LIBRARY = "libc++";
				CLANG_ENABLE_MODULES = YES;
				CLANG_ENABLE_OBJC_ARC = YES;
				CLANG_ENABLE_OBJC_WEAK = YES;
				CLANG_WARN_BLOCK_CAPTURE_AUTORELEASING = YES;
				CLANG_WARN_BOOL_CONVERSION = YES;
				CLANG_WARN_COMMA = YES;
				CLANG_WARN_CONSTANT_CONVERSION = YES;
				CLANG_WARN_DEPRECATED_OBJC_IMPLEMENTATIONS = YES;
				CLANG_WARN_DIRECT_OBJC_ISA_USAGE = YES_ERROR;
				CLANG_WARN_DOCUMENTATION_COMMENTS = YES;
				CLANG_WARN_EMPTY_BODY = YES;
				CLANG_WARN_ENUM_CONVERSION = YES;
				CLANG_WARN_INFINITE_RECURSION = YES;
				CLANG_WARN_INT_CONVERSION = YES;
				CLANG_WARN_NON_LITERAL_NULL_CONVERSION = YES;
				CLANG_WARN_OBJC_IMPLICIT_RETAIN_SELF = YES;
				CLANG_WARN_OBJC_LITERAL_CONVERSION = YES;
				CLANG_WARN_OBJC_ROOT_CLASS = YES_ERROR;
				CLANG_WARN_RANGE_LOOP_ANALYSIS = YES;
				CLANG_WARN_STRICT_PROTOTYPES = YES;
				CLANG_WARN_SUSPICIOUS_MOVE = YES;
				CLANG_WARN_UNGUARDED_AVAILABILITY = YES_AGGRESSIVE;
				CLANG_WARN_UNREACHABLE_CODE = YES;
				CLANG_WARN__DUPLICATE_METHOD_MATCH = YES;
				CODE_SIGN_IDENTITY = "iPhone Developer";
				COPY_PHASE_STRIP = NO;
				DEBUG_INFORMATION_FORMAT = dwarf;
				ENABLE_STRICT_OBJC_MSGSEND = YES;
				ENABLE_TESTABILITY = YES;
				GCC_C_LANGUAGE_STANDARD = gnu11;
				GCC_DYNAMIC_NO_PIC = NO;
				GCC_NO_COMMON_BLOCKS = YES;
				GCC_OPTIMIZATION_LEVEL = 0;
				GCC_PREPROCESSOR_DEFINITIONS = (
					"DEBUG=1",
					"$(inherited)",
				);
				GCC_WARN_64_TO_32_BIT_CONVERSION = YES;
				GCC_WARN_ABOUT_RETURN_TYPE = YES_ERROR;
				GCC_WARN_UNDECLARED_SELECTOR = YES;
				GCC_WARN_UNINITIALIZED_AUTOS = YES_AGGRESSIVE;
				GCC_WARN_UNUSED_FUNCTION = YES;
				GCC_WARN_UNUSED_VARIABLE = YES;
				IPHONEOS_DEPLOYMENT_TARGET = 12.2;
				MTL_ENABLE_DEBUG_INFO = INCLUDE_SOURCE;
				MTL_FAST_MATH = YES;
				ONLY_ACTIVE_ARCH = YES;
				SDKROOT = iphoneos;
				SWIFT_ACTIVE_COMPILATION_CONDITIONS = DEBUG;
				SWIFT_OPTIMIZATION_LEVEL = "-Onone";
			};
			name = Debug;
		};
		0C0DE3392281B4F600FD4F12 /* Release */ = {
			isa = XCBuildConfiguration;
			buildSettings = {
				ALWAYS_SEARCH_USER_PATHS = NO;
				CLANG_ANALYZER_NONNULL = YES;
				CLANG_ANALYZER_NUMBER_OBJECT_CONVERSION = YES_AGGRESSIVE;
				CLANG_CXX_LANGUAGE_STANDARD = "gnu++14";
				CLANG_CXX_LIBRARY = "libc++";
				CLANG_ENABLE_MODULES = YES;
				CLANG_ENABLE_OBJC_ARC = YES;
				CLANG_ENABLE_OBJC_WEAK = YES;
				CLANG_WARN_BLOCK_CAPTURE_AUTORELEASING = YES;
				CLANG_WARN_BOOL_CONVERSION = YES;
				CLANG_WARN_COMMA = YES;
				CLANG_WARN_CONSTANT_CONVERSION = YES;
				CLANG_WARN_DEPRECATED_OBJC_IMPLEMENTATIONS = YES;
				CLANG_WARN_DIRECT_OBJC_ISA_USAGE = YES_ERROR;
				CLANG_WARN_DOCUMENTATION_COMMENTS = YES;
				CLANG_WARN_EMPTY_BODY = YES;
				CLANG_WARN_ENUM_CONVERSION = YES;
				CLANG_WARN_INFINITE_RECURSION = YES;
				CLANG_WARN_INT_CONVERSION = YES;
				CLANG_WARN_NON_LITERAL_NULL_CONVERSION = YES;
				CLANG_WARN_OBJC_IMPLICIT_RETAIN_SELF = YES;
				CLANG_WARN_OBJC_LITERAL_CONVERSION = YES;
				CLANG_WARN_OBJC_ROOT_CLASS = YES_ERROR;
				CLANG_WARN_RANGE_LOOP_ANALYSIS = YES;
				CLANG_WARN_STRICT_PROTOTYPES = YES;
				CLANG_WARN_SUSPICIOUS_MOVE = YES;
				CLANG_WARN_UNGUARDED_AVAILABILITY = YES_AGGRESSIVE;
				CLANG_WARN_UNREACHABLE_CODE = YES;
				CLANG_WARN__DUPLICATE_METHOD_MATCH = YES;
				CODE_SIGN_IDENTITY = "iPhone Developer";
				COPY_PHASE_STRIP = NO;
				DEBUG_INFORMATION_FORMAT = "dwarf-with-dsym";
				ENABLE_NS_ASSERTIONS = NO;
				ENABLE_STRICT_OBJC_MSGSEND = YES;
				GCC_C_LANGUAGE_STANDARD = gnu11;
				GCC_NO_COMMON_BLOCKS = YES;
				GCC_WARN_64_TO_32_BIT_CONVERSION = YES;
				GCC_WARN_ABOUT_RETURN_TYPE = YES_ERROR;
				GCC_WARN_UNDECLARED_SELECTOR = YES;
				GCC_WARN_UNINITIALIZED_AUTOS = YES_AGGRESSIVE;
				GCC_WARN_UNUSED_FUNCTION = YES;
				GCC_WARN_UNUSED_VARIABLE = YES;
				IPHONEOS_DEPLOYMENT_TARGET = 12.2;
				MTL_ENABLE_DEBUG_INFO = NO;
				MTL_FAST_MATH = YES;
				SDKROOT = iphoneos;
				SWIFT_COMPILATION_MODE = wholemodule;
				SWIFT_OPTIMIZATION_LEVEL = "-O";
				VALIDATE_PRODUCT = YES;
			};
			name = Release;
		};
		0C0DE33B2281B4F600FD4F12 /* Debug */ = {
			isa = XCBuildConfiguration;
			buildSettings = {
				ASSETCATALOG_COMPILER_APPICON_NAME = AppIcon;
				CODE_SIGN_STYLE = Automatic;
				DEVELOPMENT_TEAM = U6W3792HZ8;
				INFOPLIST_FILE = CAFE/Info.plist;
				LD_RUNPATH_SEARCH_PATHS = (
					"$(inherited)",
					"@executable_path/Frameworks",
				);
				PRODUCT_BUNDLE_IDENTIFIER = smlab.CAFE;
				PRODUCT_NAME = "$(TARGET_NAME)";
				SWIFT_VERSION = 5.0;
				TARGETED_DEVICE_FAMILY = "1,2";
			};
			name = Debug;
		};
		0C0DE33C2281B4F600FD4F12 /* Release */ = {
			isa = XCBuildConfiguration;
			buildSettings = {
				ASSETCATALOG_COMPILER_APPICON_NAME = AppIcon;
				CODE_SIGN_STYLE = Automatic;
				DEVELOPMENT_TEAM = U6W3792HZ8;
				INFOPLIST_FILE = CAFE/Info.plist;
				LD_RUNPATH_SEARCH_PATHS = (
					"$(inherited)",
					"@executable_path/Frameworks",
				);
				PRODUCT_BUNDLE_IDENTIFIER = smlab.CAFE;
				PRODUCT_NAME = "$(TARGET_NAME)";
				SWIFT_VERSION = 5.0;
				TARGETED_DEVICE_FAMILY = "1,2";
			};
			name = Release;
		};
		0C0DE33E2281B4F600FD4F12 /* Debug */ = {
			isa = XCBuildConfiguration;
			buildSettings = {
				ALWAYS_EMBED_SWIFT_STANDARD_LIBRARIES = YES;
				BUNDLE_LOADER = "$(TEST_HOST)";
				CODE_SIGN_STYLE = Automatic;
				INFOPLIST_FILE = CAFETests/Info.plist;
				LD_RUNPATH_SEARCH_PATHS = (
					"$(inherited)",
					"@executable_path/Frameworks",
					"@loader_path/Frameworks",
				);
				PRODUCT_BUNDLE_IDENTIFIER = smlab.CAFETests;
				PRODUCT_NAME = "$(TARGET_NAME)";
				SWIFT_VERSION = 5.0;
				TARGETED_DEVICE_FAMILY = "1,2";
				TEST_HOST = "$(BUILT_PRODUCTS_DIR)/CAFE.app/CAFE";
			};
			name = Debug;
		};
		0C0DE33F2281B4F600FD4F12 /* Release */ = {
			isa = XCBuildConfiguration;
			buildSettings = {
				ALWAYS_EMBED_SWIFT_STANDARD_LIBRARIES = YES;
				BUNDLE_LOADER = "$(TEST_HOST)";
				CODE_SIGN_STYLE = Automatic;
				INFOPLIST_FILE = CAFETests/Info.plist;
				LD_RUNPATH_SEARCH_PATHS = (
					"$(inherited)",
					"@executable_path/Frameworks",
					"@loader_path/Frameworks",
				);
				PRODUCT_BUNDLE_IDENTIFIER = smlab.CAFETests;
				PRODUCT_NAME = "$(TARGET_NAME)";
				SWIFT_VERSION = 5.0;
				TARGETED_DEVICE_FAMILY = "1,2";
				TEST_HOST = "$(BUILT_PRODUCTS_DIR)/CAFE.app/CAFE";
			};
			name = Release;
		};
		0C0DE3412281B4F600FD4F12 /* Debug */ = {
			isa = XCBuildConfiguration;
			buildSettings = {
				ALWAYS_EMBED_SWIFT_STANDARD_LIBRARIES = YES;
				CODE_SIGN_STYLE = Automatic;
				INFOPLIST_FILE = CAFEUITests/Info.plist;
				LD_RUNPATH_SEARCH_PATHS = (
					"$(inherited)",
					"@executable_path/Frameworks",
					"@loader_path/Frameworks",
				);
				PRODUCT_BUNDLE_IDENTIFIER = smlab.CAFEUITests;
				PRODUCT_NAME = "$(TARGET_NAME)";
				SWIFT_VERSION = 5.0;
				TARGETED_DEVICE_FAMILY = "1,2";
				TEST_TARGET_NAME = CAFE;
			};
			name = Debug;
		};
		0C0DE3422281B4F600FD4F12 /* Release */ = {
			isa = XCBuildConfiguration;
			buildSettings = {
				ALWAYS_EMBED_SWIFT_STANDARD_LIBRARIES = YES;
				CODE_SIGN_STYLE = Automatic;
				INFOPLIST_FILE = CAFEUITests/Info.plist;
				LD_RUNPATH_SEARCH_PATHS = (
					"$(inherited)",
					"@executable_path/Frameworks",
					"@loader_path/Frameworks",
				);
				PRODUCT_BUNDLE_IDENTIFIER = smlab.CAFEUITests;
				PRODUCT_NAME = "$(TARGET_NAME)";
				SWIFT_VERSION = 5.0;
				TARGETED_DEVICE_FAMILY = "1,2";
				TEST_TARGET_NAME = CAFE;
			};
			name = Release;
		};
/* End XCBuildConfiguration section */

/* Begin XCConfigurationList section */
		0C0DE30D2281B4F300FD4F12 /* Build configuration list for PBXProject "CAFE" */ = {
			isa = XCConfigurationList;
			buildConfigurations = (
				0C0DE3382281B4F600FD4F12 /* Debug */,
				0C0DE3392281B4F600FD4F12 /* Release */,
			);
			defaultConfigurationIsVisible = 0;
			defaultConfigurationName = Release;
		};
		0C0DE33A2281B4F600FD4F12 /* Build configuration list for PBXNativeTarget "CAFE" */ = {
			isa = XCConfigurationList;
			buildConfigurations = (
				0C0DE33B2281B4F600FD4F12 /* Debug */,
				0C0DE33C2281B4F600FD4F12 /* Release */,
			);
			defaultConfigurationIsVisible = 0;
			defaultConfigurationName = Release;
		};
		0C0DE33D2281B4F600FD4F12 /* Build configuration list for PBXNativeTarget "CAFETests" */ = {
			isa = XCConfigurationList;
			buildConfigurations = (
				0C0DE33E2281B4F600FD4F12 /* Debug */,
				0C0DE33F2281B4F600FD4F12 /* Release */,
			);
			defaultConfigurationIsVisible = 0;
			defaultConfigurationName = Release;
		};
		0C0DE3402281B4F600FD4F12 /* Build configuration list for PBXNativeTarget "CAFEUITests" */ = {
			isa = XCConfigurationList;
			buildConfigurations = (
				0C0DE3412281B4F600FD4F12 /* Debug */,
				0C0DE3422281B4F600FD4F12 /* Release */,
			);
			defaultConfigurationIsVisible = 0;
			defaultConfigurationName = Release;
		};
/* End XCConfigurationList section */
	};
	rootObject = 0C0DE30A2281B4F300FD4F12 /* Project object */;
}
